// !$*UTF8*$!
{
	archiveVersion = 1;
	classes = {
	};
	objectVersion = 56;
	objects = {

/* Begin PBXBuildFile section */
		01A26EF0291D7C2600C9F1C5 /* DropGameApp.swift in Sources */ = {isa = PBXBuildFile; fileRef = 01A26EEF291D7C2600C9F1C5 /* DropGameApp.swift */; };
		01A26EF2291D7C2600C9F1C5 /* DropGameFirstView.swift in Sources */ = {isa = PBXBuildFile; fileRef = 01A26EF1291D7C2600C9F1C5 /* DropGameFirstView.swift */; };
		01A26EF4291D7C2700C9F1C5 /* Assets.xcassets in Resources */ = {isa = PBXBuildFile; fileRef = 01A26EF3291D7C2700C9F1C5 /* Assets.xcassets */; };
		01A26EF8291D7C2700C9F1C5 /* Preview Assets.xcassets in Resources */ = {isa = PBXBuildFile; fileRef = 01A26EF7291D7C2700C9F1C5 /* Preview Assets.xcassets */; };
		01A26F02291D7C2700C9F1C5 /* DropGameTests.swift in Sources */ = {isa = PBXBuildFile; fileRef = 01A26F01291D7C2700C9F1C5 /* DropGameTests.swift */; };
		01A26F0C291D7C2700C9F1C5 /* DropGameUITests.swift in Sources */ = {isa = PBXBuildFile; fileRef = 01A26F0B291D7C2700C9F1C5 /* DropGameUITests.swift */; };
		01A26F0E291D7C2700C9F1C5 /* DropGameUITestsLaunchTests.swift in Sources */ = {isa = PBXBuildFile; fileRef = 01A26F0D291D7C2700C9F1C5 /* DropGameUITestsLaunchTests.swift */; };
		01A26F1E291D7F6A00C9F1C5 /* GameScene.swift in Sources */ = {isa = PBXBuildFile; fileRef = 01A26F1D291D7F6A00C9F1C5 /* GameScene.swift */; };
/* End PBXBuildFile section */

/* Begin PBXContainerItemProxy section */
		01A26EFE291D7C2700C9F1C5 /* PBXContainerItemProxy */ = {
			isa = PBXContainerItemProxy;
			containerPortal = 01A26EE4291D7C2600C9F1C5 /* Project object */;
			proxyType = 1;
			remoteGlobalIDString = 01A26EEB291D7C2600C9F1C5;
			remoteInfo = DropGame;
		};
		01A26F08291D7C2700C9F1C5 /* PBXContainerItemProxy */ = {
			isa = PBXContainerItemProxy;
			containerPortal = 01A26EE4291D7C2600C9F1C5 /* Project object */;
			proxyType = 1;
			remoteGlobalIDString = 01A26EEB291D7C2600C9F1C5;
			remoteInfo = DropGame;
		};
/* End PBXContainerItemProxy section */

/* Begin PBXFileReference section */
		01A26EEC291D7C2600C9F1C5 /* DropGame.app */ = {isa = PBXFileReference; explicitFileType = wrapper.application; includeInIndex = 0; path = DropGame.app; sourceTree = BUILT_PRODUCTS_DIR; };
		01A26EEF291D7C2600C9F1C5 /* DropGameApp.swift */ = {isa = PBXFileReference; lastKnownFileType = sourcecode.swift; path = DropGameApp.swift; sourceTree = "<group>"; };
		01A26EF1291D7C2600C9F1C5 /* DropGameFirstView.swift */ = {isa = PBXFileReference; lastKnownFileType = sourcecode.swift; path = DropGameFirstView.swift; sourceTree = "<group>"; };
		01A26EF3291D7C2700C9F1C5 /* Assets.xcassets */ = {isa = PBXFileReference; lastKnownFileType = folder.assetcatalog; path = Assets.xcassets; sourceTree = "<group>"; };
		01A26EF5291D7C2700C9F1C5 /* DropGame.entitlements */ = {isa = PBXFileReference; lastKnownFileType = text.plist.entitlements; path = DropGame.entitlements; sourceTree = "<group>"; };
		01A26EF7291D7C2700C9F1C5 /* Preview Assets.xcassets */ = {isa = PBXFileReference; lastKnownFileType = folder.assetcatalog; path = "Preview Assets.xcassets"; sourceTree = "<group>"; };
		01A26EFD291D7C2700C9F1C5 /* DropGameTests.xctest */ = {isa = PBXFileReference; explicitFileType = wrapper.cfbundle; includeInIndex = 0; path = DropGameTests.xctest; sourceTree = BUILT_PRODUCTS_DIR; };
		01A26F01291D7C2700C9F1C5 /* DropGameTests.swift */ = {isa = PBXFileReference; lastKnownFileType = sourcecode.swift; path = DropGameTests.swift; sourceTree = "<group>"; };
		01A26F07291D7C2700C9F1C5 /* DropGameUITests.xctest */ = {isa = PBXFileReference; explicitFileType = wrapper.cfbundle; includeInIndex = 0; path = DropGameUITests.xctest; sourceTree = BUILT_PRODUCTS_DIR; };
		01A26F0B291D7C2700C9F1C5 /* DropGameUITests.swift */ = {isa = PBXFileReference; lastKnownFileType = sourcecode.swift; path = DropGameUITests.swift; sourceTree = "<group>"; };
		01A26F0D291D7C2700C9F1C5 /* DropGameUITestsLaunchTests.swift */ = {isa = PBXFileReference; lastKnownFileType = sourcecode.swift; path = DropGameUITestsLaunchTests.swift; sourceTree = "<group>"; };
		01A26F1D291D7F6A00C9F1C5 /* GameScene.swift */ = {isa = PBXFileReference; lastKnownFileType = sourcecode.swift; path = GameScene.swift; sourceTree = "<group>"; };
/* End PBXFileReference section */

/* Begin PBXFrameworksBuildPhase section */
		01A26EE9291D7C2600C9F1C5 /* Frameworks */ = {
			isa = PBXFrameworksBuildPhase;
			buildActionMask = 2147483647;
			files = (
			);
			runOnlyForDeploymentPostprocessing = 0;
		};
		01A26EFA291D7C2700C9F1C5 /* Frameworks */ = {
			isa = PBXFrameworksBuildPhase;
			buildActionMask = 2147483647;
			files = (
			);
			runOnlyForDeploymentPostprocessing = 0;
		};
		01A26F04291D7C2700C9F1C5 /* Frameworks */ = {
			isa = PBXFrameworksBuildPhase;
			buildActionMask = 2147483647;
			files = (
			);
			runOnlyForDeploymentPostprocessing = 0;
		};
/* End PBXFrameworksBuildPhase section */

/* Begin PBXGroup section */
		01A26EE3291D7C2600C9F1C5 = {
			isa = PBXGroup;
			children = (
				01A26EEE291D7C2600C9F1C5 /* DropGame */,
				01A26F00291D7C2700C9F1C5 /* DropGameTests */,
				01A26F0A291D7C2700C9F1C5 /* DropGameUITests */,
				01A26EED291D7C2600C9F1C5 /* Products */,
			);
			sourceTree = "<group>";
		};
		01A26EED291D7C2600C9F1C5 /* Products */ = {
			isa = PBXGroup;
			children = (
				01A26EEC291D7C2600C9F1C5 /* DropGame.app */,
				01A26EFD291D7C2700C9F1C5 /* DropGameTests.xctest */,
				01A26F07291D7C2700C9F1C5 /* DropGameUITests.xctest */,
			);
			name = Products;
			sourceTree = "<group>";
		};
		01A26EEE291D7C2600C9F1C5 /* DropGame */ = {
			isa = PBXGroup;
			children = (
				01A26EF5291D7C2700C9F1C5 /* DropGame.entitlements */,
				01A26F1C291D7F5A00C9F1C5 /* Scenes */,
				01A26F1A291D7E7A00C9F1C5 /* Resources */,
				01A26F1B291D7EB200C9F1C5 /* View Controller */,
				01A26EF6291D7C2700C9F1C5 /* Preview Content */,
			);
			path = DropGame;
			sourceTree = "<group>";
		};
		01A26EF6291D7C2700C9F1C5 /* Preview Content */ = {
			isa = PBXGroup;
			children = (
				01A26EF7291D7C2700C9F1C5 /* Preview Assets.xcassets */,
			);
			path = "Preview Content";
			sourceTree = "<group>";
		};
		01A26F00291D7C2700C9F1C5 /* DropGameTests */ = {
			isa = PBXGroup;
			children = (
				01A26F01291D7C2700C9F1C5 /* DropGameTests.swift */,
			);
			path = DropGameTests;
			sourceTree = "<group>";
		};
		01A26F0A291D7C2700C9F1C5 /* DropGameUITests */ = {
			isa = PBXGroup;
			children = (
				01A26F0B291D7C2700C9F1C5 /* DropGameUITests.swift */,
				01A26F0D291D7C2700C9F1C5 /* DropGameUITestsLaunchTests.swift */,
			);
			path = DropGameUITests;
			sourceTree = "<group>";
		};
		01A26F1A291D7E7A00C9F1C5 /* Resources */ = {
			isa = PBXGroup;
			children = (
				01A26EEF291D7C2600C9F1C5 /* DropGameApp.swift */,
				01A26EF3291D7C2700C9F1C5 /* Assets.xcassets */,
			);
			path = Resources;
			sourceTree = "<group>";
		};
		01A26F1B291D7EB200C9F1C5 /* View Controller */ = {
			isa = PBXGroup;
			children = (
				01A26EF1291D7C2600C9F1C5 /* DropGameFirstView.swift */,
			);
			path = "View Controller";
			sourceTree = "<group>";
		};
		01A26F1C291D7F5A00C9F1C5 /* Scenes */ = {
			isa = PBXGroup;
			children = (
				01A26F1D291D7F6A00C9F1C5 /* GameScene.swift */,
			);
			path = Scenes;
			sourceTree = "<group>";
		};
/* End PBXGroup section */

/* Begin PBXNativeTarget section */
		01A26EEB291D7C2600C9F1C5 /* DropGame */ = {
			isa = PBXNativeTarget;
			buildConfigurationList = 01A26F11291D7C2700C9F1C5 /* Build configuration list for PBXNativeTarget "DropGame" */;
			buildPhases = (
				01A26EE8291D7C2600C9F1C5 /* Sources */,
				01A26EE9291D7C2600C9F1C5 /* Frameworks */,
				01A26EEA291D7C2600C9F1C5 /* Resources */,
			);
			buildRules = (
			);
			dependencies = (
			);
			name = DropGame;
			productName = DropGame;
			productReference = 01A26EEC291D7C2600C9F1C5 /* DropGame.app */;
			productType = "com.apple.product-type.application";
		};
		01A26EFC291D7C2700C9F1C5 /* DropGameTests */ = {
			isa = PBXNativeTarget;
			buildConfigurationList = 01A26F14291D7C2700C9F1C5 /* Build configuration list for PBXNativeTarget "DropGameTests" */;
			buildPhases = (
				01A26EF9291D7C2700C9F1C5 /* Sources */,
				01A26EFA291D7C2700C9F1C5 /* Frameworks */,
				01A26EFB291D7C2700C9F1C5 /* Resources */,
			);
			buildRules = (
			);
			dependencies = (
				01A26EFF291D7C2700C9F1C5 /* PBXTargetDependency */,
			);
			name = DropGameTests;
			productName = DropGameTests;
			productReference = 01A26EFD291D7C2700C9F1C5 /* DropGameTests.xctest */;
			productType = "com.apple.product-type.bundle.unit-test";
		};
		01A26F06291D7C2700C9F1C5 /* DropGameUITests */ = {
			isa = PBXNativeTarget;
			buildConfigurationList = 01A26F17291D7C2700C9F1C5 /* Build configuration list for PBXNativeTarget "DropGameUITests" */;
			buildPhases = (
				01A26F03291D7C2700C9F1C5 /* Sources */,
				01A26F04291D7C2700C9F1C5 /* Frameworks */,
				01A26F05291D7C2700C9F1C5 /* Resources */,
			);
			buildRules = (
			);
			dependencies = (
				01A26F09291D7C2700C9F1C5 /* PBXTargetDependency */,
			);
			name = DropGameUITests;
			productName = DropGameUITests;
			productReference = 01A26F07291D7C2700C9F1C5 /* DropGameUITests.xctest */;
			productType = "com.apple.product-type.bundle.ui-testing";
		};
/* End PBXNativeTarget section */

/* Begin PBXProject section */
		01A26EE4291D7C2600C9F1C5 /* Project object */ = {
			isa = PBXProject;
			attributes = {
				BuildIndependentTargetsInParallel = 1;
				LastSwiftUpdateCheck = 1400;
				LastUpgradeCheck = 1400;
				TargetAttributes = {
					01A26EEB291D7C2600C9F1C5 = {
						CreatedOnToolsVersion = 14.0.1;
					};
					01A26EFC291D7C2700C9F1C5 = {
						CreatedOnToolsVersion = 14.0.1;
						TestTargetID = 01A26EEB291D7C2600C9F1C5;
					};
					01A26F06291D7C2700C9F1C5 = {
						CreatedOnToolsVersion = 14.0.1;
						TestTargetID = 01A26EEB291D7C2600C9F1C5;
					};
				};
			};
			buildConfigurationList = 01A26EE7291D7C2600C9F1C5 /* Build configuration list for PBXProject "DropGame" */;
			compatibilityVersion = "Xcode 14.0";
			developmentRegion = en;
			hasScannedForEncodings = 0;
			knownRegions = (
				en,
				Base,
			);
			mainGroup = 01A26EE3291D7C2600C9F1C5;
			productRefGroup = 01A26EED291D7C2600C9F1C5 /* Products */;
			projectDirPath = "";
			projectRoot = "";
			targets = (
				01A26EEB291D7C2600C9F1C5 /* DropGame */,
				01A26EFC291D7C2700C9F1C5 /* DropGameTests */,
				01A26F06291D7C2700C9F1C5 /* DropGameUITests */,
			);
		};
/* End PBXProject section */

/* Begin PBXResourcesBuildPhase section */
		01A26EEA291D7C2600C9F1C5 /* Resources */ = {
			isa = PBXResourcesBuildPhase;
			buildActionMask = 2147483647;
			files = (
				01A26EF8291D7C2700C9F1C5 /* Preview Assets.xcassets in Resources */,
				01A26EF4291D7C2700C9F1C5 /* Assets.xcassets in Resources */,
			);
			runOnlyForDeploymentPostprocessing = 0;
		};
		01A26EFB291D7C2700C9F1C5 /* Resources */ = {
			isa = PBXResourcesBuildPhase;
			buildActionMask = 2147483647;
			files = (
			);
			runOnlyForDeploymentPostprocessing = 0;
		};
		01A26F05291D7C2700C9F1C5 /* Resources */ = {
			isa = PBXResourcesBuildPhase;
			buildActionMask = 2147483647;
			files = (
			);
			runOnlyForDeploymentPostprocessing = 0;
		};
/* End PBXResourcesBuildPhase section */

/* Begin PBXSourcesBuildPhase section */
		01A26EE8291D7C2600C9F1C5 /* Sources */ = {
			isa = PBXSourcesBuildPhase;
			buildActionMask = 2147483647;
			files = (
				01A26F1E291D7F6A00C9F1C5 /* GameScene.swift in Sources */,
				01A26EF2291D7C2600C9F1C5 /* DropGameFirstView.swift in Sources */,
				01A26EF0291D7C2600C9F1C5 /* DropGameApp.swift in Sources */,
			);
			runOnlyForDeploymentPostprocessing = 0;
		};
		01A26EF9291D7C2700C9F1C5 /* Sources */ = {
			isa = PBXSourcesBuildPhase;
			buildActionMask = 2147483647;
			files = (
				01A26F02291D7C2700C9F1C5 /* DropGameTests.swift in Sources */,
			);
			runOnlyForDeploymentPostprocessing = 0;
		};
		01A26F03291D7C2700C9F1C5 /* Sources */ = {
			isa = PBXSourcesBuildPhase;
			buildActionMask = 2147483647;
			files = (
				01A26F0E291D7C2700C9F1C5 /* DropGameUITestsLaunchTests.swift in Sources */,
				01A26F0C291D7C2700C9F1C5 /* DropGameUITests.swift in Sources */,
			);
			runOnlyForDeploymentPostprocessing = 0;
		};
/* End PBXSourcesBuildPhase section */

/* Begin PBXTargetDependency section */
		01A26EFF291D7C2700C9F1C5 /* PBXTargetDependency */ = {
			isa = PBXTargetDependency;
			target = 01A26EEB291D7C2600C9F1C5 /* DropGame */;
			targetProxy = 01A26EFE291D7C2700C9F1C5 /* PBXContainerItemProxy */;
		};
		01A26F09291D7C2700C9F1C5 /* PBXTargetDependency */ = {
			isa = PBXTargetDependency;
			target = 01A26EEB291D7C2600C9F1C5 /* DropGame */;
			targetProxy = 01A26F08291D7C2700C9F1C5 /* PBXContainerItemProxy */;
		};
/* End PBXTargetDependency section */

/* Begin XCBuildConfiguration section */
		01A26F0F291D7C2700C9F1C5 /* Debug */ = {
			isa = XCBuildConfiguration;
			buildSettings = {
				ALWAYS_SEARCH_USER_PATHS = NO;
				CLANG_ANALYZER_NONNULL = YES;
				CLANG_ANALYZER_NUMBER_OBJECT_CONVERSION = YES_AGGRESSIVE;
				CLANG_CXX_LANGUAGE_STANDARD = "gnu++20";
				CLANG_ENABLE_MODULES = YES;
				CLANG_ENABLE_OBJC_ARC = YES;
				CLANG_ENABLE_OBJC_WEAK = YES;
				CLANG_WARN_BLOCK_CAPTURE_AUTORELEASING = YES;
				CLANG_WARN_BOOL_CONVERSION = YES;
				CLANG_WARN_COMMA = YES;
				CLANG_WARN_CONSTANT_CONVERSION = YES;
				CLANG_WARN_DEPRECATED_OBJC_IMPLEMENTATIONS = YES;
				CLANG_WARN_DIRECT_OBJC_ISA_USAGE = YES_ERROR;
				CLANG_WARN_DOCUMENTATION_COMMENTS = YES;
				CLANG_WARN_EMPTY_BODY = YES;
				CLANG_WARN_ENUM_CONVERSION = YES;
				CLANG_WARN_INFINITE_RECURSION = YES;
				CLANG_WARN_INT_CONVERSION = YES;
				CLANG_WARN_NON_LITERAL_NULL_CONVERSION = YES;
				CLANG_WARN_OBJC_IMPLICIT_RETAIN_SELF = YES;
				CLANG_WARN_OBJC_LITERAL_CONVERSION = YES;
				CLANG_WARN_OBJC_ROOT_CLASS = YES_ERROR;
				CLANG_WARN_QUOTED_INCLUDE_IN_FRAMEWORK_HEADER = YES;
				CLANG_WARN_RANGE_LOOP_ANALYSIS = YES;
				CLANG_WARN_STRICT_PROTOTYPES = YES;
				CLANG_WARN_SUSPICIOUS_MOVE = YES;
				CLANG_WARN_UNGUARDED_AVAILABILITY = YES_AGGRESSIVE;
				CLANG_WARN_UNREACHABLE_CODE = YES;
				CLANG_WARN__DUPLICATE_METHOD_MATCH = YES;
				COPY_PHASE_STRIP = NO;
				DEBUG_INFORMATION_FORMAT = dwarf;
				ENABLE_STRICT_OBJC_MSGSEND = YES;
				ENABLE_TESTABILITY = YES;
				GCC_C_LANGUAGE_STANDARD = gnu11;
				GCC_DYNAMIC_NO_PIC = NO;
				GCC_NO_COMMON_BLOCKS = YES;
				GCC_OPTIMIZATION_LEVEL = 0;
				GCC_PREPROCESSOR_DEFINITIONS = (
					"DEBUG=1",
					"$(inherited)",
				);
				GCC_WARN_64_TO_32_BIT_CONVERSION = YES;
				GCC_WARN_ABOUT_RETURN_TYPE = YES_ERROR;
				GCC_WARN_UNDECLARED_SELECTOR = YES;
				GCC_WARN_UNINITIALIZED_AUTOS = YES_AGGRESSIVE;
				GCC_WARN_UNUSED_FUNCTION = YES;
				GCC_WARN_UNUSED_VARIABLE = YES;
				MTL_ENABLE_DEBUG_INFO = INCLUDE_SOURCE;
				MTL_FAST_MATH = YES;
				ONLY_ACTIVE_ARCH = YES;
				SWIFT_ACTIVE_COMPILATION_CONDITIONS = DEBUG;
				SWIFT_OPTIMIZATION_LEVEL = "-Onone";
			};
			name = Debug;
		};
		01A26F10291D7C2700C9F1C5 /* Release */ = {
			isa = XCBuildConfiguration;
			buildSettings = {
				ALWAYS_SEARCH_USER_PATHS = NO;
				CLANG_ANALYZER_NONNULL = YES;
				CLANG_ANALYZER_NUMBER_OBJECT_CONVERSION = YES_AGGRESSIVE;
				CLANG_CXX_LANGUAGE_STANDARD = "gnu++20";
				CLANG_ENABLE_MODULES = YES;
				CLANG_ENABLE_OBJC_ARC = YES;
				CLANG_ENABLE_OBJC_WEAK = YES;
				CLANG_WARN_BLOCK_CAPTURE_AUTORELEASING = YES;
				CLANG_WARN_BOOL_CONVERSION = YES;
				CLANG_WARN_COMMA = YES;
				CLANG_WARN_CONSTANT_CONVERSION = YES;
				CLANG_WARN_DEPRECATED_OBJC_IMPLEMENTATIONS = YES;
				CLANG_WARN_DIRECT_OBJC_ISA_USAGE = YES_ERROR;
				CLANG_WARN_DOCUMENTATION_COMMENTS = YES;
				CLANG_WARN_EMPTY_BODY = YES;
				CLANG_WARN_ENUM_CONVERSION = YES;
				CLANG_WARN_INFINITE_RECURSION = YES;
				CLANG_WARN_INT_CONVERSION = YES;
				CLANG_WARN_NON_LITERAL_NULL_CONVERSION = YES;
				CLANG_WARN_OBJC_IMPLICIT_RETAIN_SELF = YES;
				CLANG_WARN_OBJC_LITERAL_CONVERSION = YES;
				CLANG_WARN_OBJC_ROOT_CLASS = YES_ERROR;
				CLANG_WARN_QUOTED_INCLUDE_IN_FRAMEWORK_HEADER = YES;
				CLANG_WARN_RANGE_LOOP_ANALYSIS = YES;
				CLANG_WARN_STRICT_PROTOTYPES = YES;
				CLANG_WARN_SUSPICIOUS_MOVE = YES;
				CLANG_WARN_UNGUARDED_AVAILABILITY = YES_AGGRESSIVE;
				CLANG_WARN_UNREACHABLE_CODE = YES;
				CLANG_WARN__DUPLICATE_METHOD_MATCH = YES;
				COPY_PHASE_STRIP = NO;
				DEBUG_INFORMATION_FORMAT = "dwarf-with-dsym";
				ENABLE_NS_ASSERTIONS = NO;
				ENABLE_STRICT_OBJC_MSGSEND = YES;
				GCC_C_LANGUAGE_STANDARD = gnu11;
				GCC_NO_COMMON_BLOCKS = YES;
				GCC_WARN_64_TO_32_BIT_CONVERSION = YES;
				GCC_WARN_ABOUT_RETURN_TYPE = YES_ERROR;
				GCC_WARN_UNDECLARED_SELECTOR = YES;
				GCC_WARN_UNINITIALIZED_AUTOS = YES_AGGRESSIVE;
				GCC_WARN_UNUSED_FUNCTION = YES;
				GCC_WARN_UNUSED_VARIABLE = YES;
				MTL_ENABLE_DEBUG_INFO = NO;
				MTL_FAST_MATH = YES;
				SWIFT_COMPILATION_MODE = wholemodule;
				SWIFT_OPTIMIZATION_LEVEL = "-O";
			};
			name = Release;
		};
		01A26F12291D7C2700C9F1C5 /* Debug */ = {
			isa = XCBuildConfiguration;
			buildSettings = {
				ASSETCATALOG_COMPILER_APPICON_NAME = AppIcon;
				ASSETCATALOG_COMPILER_GLOBAL_ACCENT_COLOR_NAME = AccentColor;
				CODE_SIGN_ENTITLEMENTS = DropGame/DropGame.entitlements;
				CODE_SIGN_STYLE = Automatic;
				CURRENT_PROJECT_VERSION = 1;
				DEVELOPMENT_ASSET_PATHS = "\"DropGame/Preview Content\"";
				ENABLE_PREVIEWS = YES;
				GENERATE_INFOPLIST_FILE = YES;
				"INFOPLIST_KEY_UIApplicationSceneManifest_Generation[sdk=iphoneos*]" = YES;
				"INFOPLIST_KEY_UIApplicationSceneManifest_Generation[sdk=iphonesimulator*]" = YES;
				"INFOPLIST_KEY_UIApplicationSupportsIndirectInputEvents[sdk=iphoneos*]" = YES;
				"INFOPLIST_KEY_UIApplicationSupportsIndirectInputEvents[sdk=iphonesimulator*]" = YES;
				"INFOPLIST_KEY_UILaunchScreen_Generation[sdk=iphoneos*]" = YES;
				"INFOPLIST_KEY_UILaunchScreen_Generation[sdk=iphonesimulator*]" = YES;
				"INFOPLIST_KEY_UIStatusBarStyle[sdk=iphoneos*]" = UIStatusBarStyleDefault;
				"INFOPLIST_KEY_UIStatusBarStyle[sdk=iphonesimulator*]" = UIStatusBarStyleDefault;
				INFOPLIST_KEY_UISupportedInterfaceOrientations_iPad = "UIInterfaceOrientationPortrait UIInterfaceOrientationPortraitUpsideDown UIInterfaceOrientationLandscapeLeft UIInterfaceOrientationLandscapeRight";
				INFOPLIST_KEY_UISupportedInterfaceOrientations_iPhone = "UIInterfaceOrientationPortrait UIInterfaceOrientationLandscapeLeft UIInterfaceOrientationLandscapeRight";
				IPHONEOS_DEPLOYMENT_TARGET = 16.0;
				LD_RUNPATH_SEARCH_PATHS = "@executable_path/Frameworks";
				"LD_RUNPATH_SEARCH_PATHS[sdk=macosx*]" = "@executable_path/../Frameworks";
				MACOSX_DEPLOYMENT_TARGET = 12.3;
				MARKETING_VERSION = 1.0;
				PRODUCT_BUNDLE_IDENTIFIER = max.CTECH.DropGame;
				PRODUCT_NAME = "$(TARGET_NAME)";
				SDKROOT = auto;
				SUPPORTED_PLATFORMS = "iphoneos iphonesimulator macosx";
				SWIFT_EMIT_LOC_STRINGS = YES;
				SWIFT_VERSION = 5.0;
				TARGETED_DEVICE_FAMILY = "1,2";
			};
			name = Debug;
		};
		01A26F13291D7C2700C9F1C5 /* Release */ = {
			isa = XCBuildConfiguration;
			buildSettings = {
				ASSETCATALOG_COMPILER_APPICON_NAME = AppIcon;
				ASSETCATALOG_COMPILER_GLOBAL_ACCENT_COLOR_NAME = AccentColor;
				CODE_SIGN_ENTITLEMENTS = DropGame/DropGame.entitlements;
				CODE_SIGN_STYLE = Automatic;
				CURRENT_PROJECT_VERSION = 1;
				DEVELOPMENT_ASSET_PATHS = "\"DropGame/Preview Content\"";
				ENABLE_PREVIEWS = YES;
				GENERATE_INFOPLIST_FILE = YES;
				"INFOPLIST_KEY_UIApplicationSceneManifest_Generation[sdk=iphoneos*]" = YES;
				"INFOPLIST_KEY_UIApplicationSceneManifest_Generation[sdk=iphonesimulator*]" = YES;
				"INFOPLIST_KEY_UIApplicationSupportsIndirectInputEvents[sdk=iphoneos*]" = YES;
				"INFOPLIST_KEY_UIApplicationSupportsIndirectInputEvents[sdk=iphonesimulator*]" = YES;
				"INFOPLIST_KEY_UILaunchScreen_Generation[sdk=iphoneos*]" = YES;
				"INFOPLIST_KEY_UILaunchScreen_Generation[sdk=iphonesimulator*]" = YES;
				"INFOPLIST_KEY_UIStatusBarStyle[sdk=iphoneos*]" = UIStatusBarStyleDefault;
				"INFOPLIST_KEY_UIStatusBarStyle[sdk=iphonesimulator*]" = UIStatusBarStyleDefault;
				INFOPLIST_KEY_UISupportedInterfaceOrientations_iPad = "UIInterfaceOrientationPortrait UIInterfaceOrientationPortraitUpsideDown UIInterfaceOrientationLandscapeLeft UIInterfaceOrientationLandscapeRight";
				INFOPLIST_KEY_UISupportedInterfaceOrientations_iPhone = "UIInterfaceOrientationPortrait UIInterfaceOrientationLandscapeLeft UIInterfaceOrientationLandscapeRight";
				IPHONEOS_DEPLOYMENT_TARGET = 16.0;
				LD_RUNPATH_SEARCH_PATHS = "@executable_path/Frameworks";
				"LD_RUNPATH_SEARCH_PATHS[sdk=macosx*]" = "@executable_path/../Frameworks";
				MACOSX_DEPLOYMENT_TARGET = 12.3;
				MARKETING_VERSION = 1.0;
				PRODUCT_BUNDLE_IDENTIFIER = max.CTECH.DropGame;
				PRODUCT_NAME = "$(TARGET_NAME)";
				SDKROOT = auto;
				SUPPORTED_PLATFORMS = "iphoneos iphonesimulator macosx";
				SWIFT_EMIT_LOC_STRINGS = YES;
				SWIFT_VERSION = 5.0;
				TARGETED_DEVICE_FAMILY = "1,2";
			};
			name = Release;
		};
		01A26F15291D7C2700C9F1C5 /* Debug */ = {
			isa = XCBuildConfiguration;
			buildSettings = {
				ALWAYS_EMBED_SWIFT_STANDARD_LIBRARIES = YES;
				BUNDLE_LOADER = "$(TEST_HOST)";
				CODE_SIGN_STYLE = Automatic;
				CURRENT_PROJECT_VERSION = 1;
				GENERATE_INFOPLIST_FILE = YES;
				IPHONEOS_DEPLOYMENT_TARGET = 16.0;
				MACOSX_DEPLOYMENT_TARGET = 12.3;
				MARKETING_VERSION = 1.0;
				PRODUCT_BUNDLE_IDENTIFIER = max.CTECH.DropGameTests;
				PRODUCT_NAME = "$(TARGET_NAME)";
				SDKROOT = auto;
				SUPPORTED_PLATFORMS = "iphoneos iphonesimulator macosx";
				SWIFT_EMIT_LOC_STRINGS = NO;
				SWIFT_VERSION = 5.0;
				TARGETED_DEVICE_FAMILY = "1,2";
				TEST_HOST = "$(BUILT_PRODUCTS_DIR)/DropGame.app/$(BUNDLE_EXECUTABLE_FOLDER_PATH)/DropGame";
			};
			name = Debug;
		};
		01A26F16291D7C2700C9F1C5 /* Release */ = {
			isa = XCBuildConfiguration;
			buildSettings = {
				ALWAYS_EMBED_SWIFT_STANDARD_LIBRARIES = YES;
				BUNDLE_LOADER = "$(TEST_HOST)";
				CODE_SIGN_STYLE = Automatic;
				CURRENT_PROJECT_VERSION = 1;
				GENERATE_INFOPLIST_FILE = YES;
				IPHONEOS_DEPLOYMENT_TARGET = 16.0;
				MACOSX_DEPLOYMENT_TARGET = 12.3;
				MARKETING_VERSION = 1.0;
				PRODUCT_BUNDLE_IDENTIFIER = max.CTECH.DropGameTests;
				PRODUCT_NAME = "$(TARGET_NAME)";
				SDKROOT = auto;
				SUPPORTED_PLATFORMS = "iphoneos iphonesimulator macosx";
				SWIFT_EMIT_LOC_STRINGS = NO;
				SWIFT_VERSION = 5.0;
				TARGETED_DEVICE_FAMILY = "1,2";
				TEST_HOST = "$(BUILT_PRODUCTS_DIR)/DropGame.app/$(BUNDLE_EXECUTABLE_FOLDER_PATH)/DropGame";
			};
			name = Release;
		};
		01A26F18291D7C2700C9F1C5 /* Debug */ = {
			isa = XCBuildConfiguration;
			buildSettings = {
				ALWAYS_EMBED_SWIFT_STANDARD_LIBRARIES = YES;
				CODE_SIGN_STYLE = Automatic;
				CURRENT_PROJECT_VERSION = 1;
				GENERATE_INFOPLIST_FILE = YES;
				IPHONEOS_DEPLOYMENT_TARGET = 16.0;
				MACOSX_DEPLOYMENT_TARGET = 12.3;
				MARKETING_VERSION = 1.0;
				PRODUCT_BUNDLE_IDENTIFIER = max.CTECH.DropGameUITests;
				PRODUCT_NAME = "$(TARGET_NAME)";
				SDKROOT = auto;
				SUPPORTED_PLATFORMS = "iphoneos iphonesimulator macosx";
				SWIFT_EMIT_LOC_STRINGS = NO;
				SWIFT_VERSION = 5.0;
				TARGETED_DEVICE_FAMILY = "1,2";
				TEST_TARGET_NAME = DropGame;
			};
			name = Debug;
		};
		01A26F19291D7C2700C9F1C5 /* Release */ = {
			isa = XCBuildConfiguration;
			buildSettings = {
				ALWAYS_EMBED_SWIFT_STANDARD_LIBRARIES = YES;
				CODE_SIGN_STYLE = Automatic;
				CURRENT_PROJECT_VERSION = 1;
				GENERATE_INFOPLIST_FILE = YES;
				IPHONEOS_DEPLOYMENT_TARGET = 16.0;
				MACOSX_DEPLOYMENT_TARGET = 12.3;
				MARKETING_VERSION = 1.0;
				PRODUCT_BUNDLE_IDENTIFIER = max.CTECH.DropGameUITests;
				PRODUCT_NAME = "$(TARGET_NAME)";
				SDKROOT = auto;
				SUPPORTED_PLATFORMS = "iphoneos iphonesimulator macosx";
				SWIFT_EMIT_LOC_STRINGS = NO;
				SWIFT_VERSION = 5.0;
				TARGETED_DEVICE_FAMILY = "1,2";
				TEST_TARGET_NAME = DropGame;
			};
			name = Release;
		};
/* End XCBuildConfiguration section */

/* Begin XCConfigurationList section */
		01A26EE7291D7C2600C9F1C5 /* Build configuration list for PBXProject "DropGame" */ = {
			isa = XCConfigurationList;
			buildConfigurations = (
				01A26F0F291D7C2700C9F1C5 /* Debug */,
				01A26F10291D7C2700C9F1C5 /* Release */,
			);
			defaultConfigurationIsVisible = 0;
			defaultConfigurationName = Release;
		};
		01A26F11291D7C2700C9F1C5 /* Build configuration list for PBXNativeTarget "DropGame" */ = {
			isa = XCConfigurationList;
			buildConfigurations = (
				01A26F12291D7C2700C9F1C5 /* Debug */,
				01A26F13291D7C2700C9F1C5 /* Release */,
			);
			defaultConfigurationIsVisible = 0;
			defaultConfigurationName = Release;
		};
		01A26F14291D7C2700C9F1C5 /* Build configuration list for PBXNativeTarget "DropGameTests" */ = {
			isa = XCConfigurationList;
			buildConfigurations = (
				01A26F15291D7C2700C9F1C5 /* Debug */,
				01A26F16291D7C2700C9F1C5 /* Release */,
			);
			defaultConfigurationIsVisible = 0;
			defaultConfigurationName = Release;
		};
		01A26F17291D7C2700C9F1C5 /* Build configuration list for PBXNativeTarget "DropGameUITests" */ = {
			isa = XCConfigurationList;
			buildConfigurations = (
				01A26F18291D7C2700C9F1C5 /* Debug */,
				01A26F19291D7C2700C9F1C5 /* Release */,
			);
			defaultConfigurationIsVisible = 0;
			defaultConfigurationName = Release;
		};
/* End XCConfigurationList section */
	};
	rootObject = 01A26EE4291D7C2600C9F1C5 /* Project object */;
}
